// !$*UTF8*$!
{
	archiveVersion = 1;
	classes = {
	};
	objectVersion = 46;
	objects = {

/* Begin PBXBuildFile section */
		E520EFC51979D4DA00493918 /* AppDelegate.swift in Sources */ = {isa = PBXBuildFile; fileRef = E520EFC41979D4DA00493918 /* AppDelegate.swift */; };
		E520EFC81979D4DA00493918 /* TealLeadSpaniel.xcdatamodeld in Sources */ = {isa = PBXBuildFile; fileRef = E520EFC61979D4DA00493918 /* TealLeadSpaniel.xcdatamodeld */; };
		E520EFCA1979D4DA00493918 /* ViewController.swift in Sources */ = {isa = PBXBuildFile; fileRef = E520EFC91979D4DA00493918 /* ViewController.swift */; };
		E520EFCD1979D4DA00493918 /* Main.storyboard in Resources */ = {isa = PBXBuildFile; fileRef = E520EFCB1979D4DA00493918 /* Main.storyboard */; };
		E520EFCF1979D4DA00493918 /* Images.xcassets in Resources */ = {isa = PBXBuildFile; fileRef = E520EFCE1979D4DA00493918 /* Images.xcassets */; };
		E520EFDB1979D4DA00493918 /* TealLeadSpanielTests.swift in Sources */ = {isa = PBXBuildFile; fileRef = E520EFDA1979D4DA00493918 /* TealLeadSpanielTests.swift */; };
		E520EFE61979E14700493918 /* TLSStreamTableViewController.swift in Sources */ = {isa = PBXBuildFile; fileRef = E520EFE51979E14700493918 /* TLSStreamTableViewController.swift */; };
		E520EFE91979E4DA00493918 /* TLSStreamTableViewCell.swift in Sources */ = {isa = PBXBuildFile; fileRef = E520EFE81979E4DA00493918 /* TLSStreamTableViewCell.swift */; };
		E520EFEC1979E64400493918 /* TLSPost.swift in Sources */ = {isa = PBXBuildFile; fileRef = E520EFEB1979E64400493918 /* TLSPost.swift */; };
		E520EFEF197A01A200493918 /* TLSCreatePostView.swift in Sources */ = {isa = PBXBuildFile; fileRef = E520EFEE197A01A200493918 /* TLSCreatePostView.swift */; };
/* End PBXBuildFile section */

/* Begin PBXContainerItemProxy section */
		E520EFD51979D4DA00493918 /* PBXContainerItemProxy */ = {
			isa = PBXContainerItemProxy;
			containerPortal = E520EFB71979D4DA00493918 /* Project object */;
			proxyType = 1;
			remoteGlobalIDString = E520EFBE1979D4DA00493918;
			remoteInfo = TealLeadSpaniel;
		};
/* End PBXContainerItemProxy section */

/* Begin PBXFileReference section */
		E520EFBF1979D4DA00493918 /* TealLeadSpaniel.app */ = {isa = PBXFileReference; explicitFileType = wrapper.application; includeInIndex = 0; path = TealLeadSpaniel.app; sourceTree = BUILT_PRODUCTS_DIR; };
		E520EFC31979D4DA00493918 /* Info.plist */ = {isa = PBXFileReference; lastKnownFileType = text.plist.xml; path = Info.plist; sourceTree = "<group>"; };
		E520EFC41979D4DA00493918 /* AppDelegate.swift */ = {isa = PBXFileReference; lastKnownFileType = sourcecode.swift; path = AppDelegate.swift; sourceTree = "<group>"; };
		E520EFC71979D4DA00493918 /* TealLeadSpaniel.xcdatamodel */ = {isa = PBXFileReference; lastKnownFileType = wrapper.xcdatamodel; path = TealLeadSpaniel.xcdatamodel; sourceTree = "<group>"; };
		E520EFC91979D4DA00493918 /* ViewController.swift */ = {isa = PBXFileReference; lastKnownFileType = sourcecode.swift; path = ViewController.swift; sourceTree = "<group>"; };
		E520EFCC1979D4DA00493918 /* Base */ = {isa = PBXFileReference; lastKnownFileType = file.storyboard; name = Base; path = Base.lproj/Main.storyboard; sourceTree = "<group>"; };
		E520EFCE1979D4DA00493918 /* Images.xcassets */ = {isa = PBXFileReference; lastKnownFileType = folder.assetcatalog; path = Images.xcassets; sourceTree = "<group>"; };
		E520EFD41979D4DA00493918 /* TealLeadSpanielTests.xctest */ = {isa = PBXFileReference; explicitFileType = wrapper.cfbundle; includeInIndex = 0; path = TealLeadSpanielTests.xctest; sourceTree = BUILT_PRODUCTS_DIR; };
		E520EFD91979D4DA00493918 /* Info.plist */ = {isa = PBXFileReference; lastKnownFileType = text.plist.xml; path = Info.plist; sourceTree = "<group>"; };
		E520EFDA1979D4DA00493918 /* TealLeadSpanielTests.swift */ = {isa = PBXFileReference; lastKnownFileType = sourcecode.swift; path = TealLeadSpanielTests.swift; sourceTree = "<group>"; };
		E520EFE51979E14700493918 /* TLSStreamTableViewController.swift */ = {isa = PBXFileReference; fileEncoding = 4; lastKnownFileType = sourcecode.swift; path = TLSStreamTableViewController.swift; sourceTree = "<group>"; };
		E520EFE81979E4DA00493918 /* TLSStreamTableViewCell.swift */ = {isa = PBXFileReference; fileEncoding = 4; lastKnownFileType = sourcecode.swift; path = TLSStreamTableViewCell.swift; sourceTree = "<group>"; };
		E520EFEB1979E64400493918 /* TLSPost.swift */ = {isa = PBXFileReference; fileEncoding = 4; lastKnownFileType = sourcecode.swift; path = TLSPost.swift; sourceTree = "<group>"; };
		E520EFEE197A01A200493918 /* TLSCreatePostView.swift */ = {isa = PBXFileReference; fileEncoding = 4; lastKnownFileType = sourcecode.swift; path = TLSCreatePostView.swift; sourceTree = "<group>"; };
/* End PBXFileReference section */

/* Begin PBXFrameworksBuildPhase section */
		E520EFBC1979D4DA00493918 /* Frameworks */ = {
			isa = PBXFrameworksBuildPhase;
			buildActionMask = 2147483647;
			files = (
			);
			runOnlyForDeploymentPostprocessing = 0;
		};
		E520EFD11979D4DA00493918 /* Frameworks */ = {
			isa = PBXFrameworksBuildPhase;
			buildActionMask = 2147483647;
			files = (
			);
			runOnlyForDeploymentPostprocessing = 0;
		};
/* End PBXFrameworksBuildPhase section */

/* Begin PBXGroup section */
		E520EFB61979D4DA00493918 = {
			isa = PBXGroup;
			children = (
				E520EFC11979D4DA00493918 /* TealLeadSpaniel */,
				E520EFD71979D4DA00493918 /* TealLeadSpanielTests */,
				E520EFC01979D4DA00493918 /* Products */,
			);
			sourceTree = "<group>";
		};
		E520EFC01979D4DA00493918 /* Products */ = {
			isa = PBXGroup;
			children = (
				E520EFBF1979D4DA00493918 /* TealLeadSpaniel.app */,
				E520EFD41979D4DA00493918 /* TealLeadSpanielTests.xctest */,
			);
			name = Products;
			sourceTree = "<group>";
		};
		E520EFC11979D4DA00493918 /* TealLeadSpaniel */ = {
			isa = PBXGroup;
			children = (
				E520EFED197A018200493918 /* Views */,
				E520EFEA1979E58400493918 /* Models */,
				E520EFE71979E4B800493918 /* Cells */,
				E520EFE41979E10E00493918 /* View Controllers */,
				E520EFC41979D4DA00493918 /* AppDelegate.swift */,
				E520EFC91979D4DA00493918 /* ViewController.swift */,
				E520EFCB1979D4DA00493918 /* Main.storyboard */,
				E520EFCE1979D4DA00493918 /* Images.xcassets */,
				E520EFC61979D4DA00493918 /* TealLeadSpaniel.xcdatamodeld */,
				E520EFC21979D4DA00493918 /* Supporting Files */,
			);
			path = TealLeadSpaniel;
			sourceTree = "<group>";
		};
		E520EFC21979D4DA00493918 /* Supporting Files */ = {
			isa = PBXGroup;
			children = (
				E520EFC31979D4DA00493918 /* Info.plist */,
			);
			name = "Supporting Files";
			sourceTree = "<group>";
		};
		E520EFD71979D4DA00493918 /* TealLeadSpanielTests */ = {
			isa = PBXGroup;
			children = (
				E520EFDA1979D4DA00493918 /* TealLeadSpanielTests.swift */,
				E520EFD81979D4DA00493918 /* Supporting Files */,
			);
			path = TealLeadSpanielTests;
			sourceTree = "<group>";
		};
		E520EFD81979D4DA00493918 /* Supporting Files */ = {
			isa = PBXGroup;
			children = (
				E520EFD91979D4DA00493918 /* Info.plist */,
			);
			name = "Supporting Files";
			sourceTree = "<group>";
		};
		E520EFE41979E10E00493918 /* View Controllers */ = {
			isa = PBXGroup;
			children = (
				E520EFE51979E14700493918 /* TLSStreamTableViewController.swift */,
			);
			path = "View Controllers";
			sourceTree = "<group>";
		};
		E520EFE71979E4B800493918 /* Cells */ = {
			isa = PBXGroup;
			children = (
				E520EFE81979E4DA00493918 /* TLSStreamTableViewCell.swift */,
			);
			path = Cells;
			sourceTree = "<group>";
		};
		E520EFEA1979E58400493918 /* Models */ = {
			isa = PBXGroup;
			children = (
				E520EFEB1979E64400493918 /* TLSPost.swift */,
			);
			path = Models;
			sourceTree = "<group>";
		};
		E520EFED197A018200493918 /* Views */ = {
			isa = PBXGroup;
			children = (
				E520EFEE197A01A200493918 /* TLSCreatePostView.swift */,
			);
			path = Views;
			sourceTree = "<group>";
		};
/* End PBXGroup section */

/* Begin PBXNativeTarget section */
		E520EFBE1979D4DA00493918 /* TealLeadSpaniel */ = {
			isa = PBXNativeTarget;
			buildConfigurationList = E520EFDE1979D4DA00493918 /* Build configuration list for PBXNativeTarget "TealLeadSpaniel" */;
			buildPhases = (
				E520EFBB1979D4DA00493918 /* Sources */,
				E520EFBC1979D4DA00493918 /* Frameworks */,
				E520EFBD1979D4DA00493918 /* Resources */,
			);
			buildRules = (
			);
			dependencies = (
			);
			name = TealLeadSpaniel;
			productName = TealLeadSpaniel;
			productReference = E520EFBF1979D4DA00493918 /* TealLeadSpaniel.app */;
			productType = "com.apple.product-type.application";
		};
		E520EFD31979D4DA00493918 /* TealLeadSpanielTests */ = {
			isa = PBXNativeTarget;
			buildConfigurationList = E520EFE11979D4DA00493918 /* Build configuration list for PBXNativeTarget "TealLeadSpanielTests" */;
			buildPhases = (
				E520EFD01979D4DA00493918 /* Sources */,
				E520EFD11979D4DA00493918 /* Frameworks */,
				E520EFD21979D4DA00493918 /* Resources */,
			);
			buildRules = (
			);
			dependencies = (
				E520EFD61979D4DA00493918 /* PBXTargetDependency */,
			);
			name = TealLeadSpanielTests;
			productName = TealLeadSpanielTests;
			productReference = E520EFD41979D4DA00493918 /* TealLeadSpanielTests.xctest */;
			productType = "com.apple.product-type.bundle.unit-test";
		};
/* End PBXNativeTarget section */

/* Begin PBXProject section */
		E520EFB71979D4DA00493918 /* Project object */ = {
			isa = PBXProject;
			attributes = {
				LastUpgradeCheck = 0600;
				ORGANIZATIONNAME = "Matt Nydam";
				TargetAttributes = {
					E520EFBE1979D4DA00493918 = {
						CreatedOnToolsVersion = 6.0;
					};
					E520EFD31979D4DA00493918 = {
						CreatedOnToolsVersion = 6.0;
						TestTargetID = E520EFBE1979D4DA00493918;
					};
				};
			};
			buildConfigurationList = E520EFBA1979D4DA00493918 /* Build configuration list for PBXProject "TealLeadSpaniel" */;
			compatibilityVersion = "Xcode 3.2";
			developmentRegion = English;
			hasScannedForEncodings = 0;
			knownRegions = (
				en,
				Base,
			);
			mainGroup = E520EFB61979D4DA00493918;
			productRefGroup = E520EFC01979D4DA00493918 /* Products */;
			projectDirPath = "";
			projectRoot = "";
			targets = (
				E520EFBE1979D4DA00493918 /* TealLeadSpaniel */,
				E520EFD31979D4DA00493918 /* TealLeadSpanielTests */,
			);
		};
/* End PBXProject section */

/* Begin PBXResourcesBuildPhase section */
		E520EFBD1979D4DA00493918 /* Resources */ = {
			isa = PBXResourcesBuildPhase;
			buildActionMask = 2147483647;
			files = (
				E520EFCD1979D4DA00493918 /* Main.storyboard in Resources */,
				E520EFCF1979D4DA00493918 /* Images.xcassets in Resources */,
			);
			runOnlyForDeploymentPostprocessing = 0;
		};
		E520EFD21979D4DA00493918 /* Resources */ = {
			isa = PBXResourcesBuildPhase;
			buildActionMask = 2147483647;
			files = (
			);
			runOnlyForDeploymentPostprocessing = 0;
		};
/* End PBXResourcesBuildPhase section */

/* Begin PBXSourcesBuildPhase section */
		E520EFBB1979D4DA00493918 /* Sources */ = {
			isa = PBXSourcesBuildPhase;
			buildActionMask = 2147483647;
			files = (
				E520EFCA1979D4DA00493918 /* ViewController.swift in Sources */,
				E520EFC81979D4DA00493918 /* TealLeadSpaniel.xcdatamodeld in Sources */,
				E520EFEF197A01A200493918 /* TLSCreatePostView.swift in Sources */,
				E520EFE91979E4DA00493918 /* TLSStreamTableViewCell.swift in Sources */,
				E520EFC51979D4DA00493918 /* AppDelegate.swift in Sources */,
				E520EFE61979E14700493918 /* TLSStreamTableViewController.swift in Sources */,
				E520EFEC1979E64400493918 /* TLSPost.swift in Sources */,
			);
			runOnlyForDeploymentPostprocessing = 0;
		};
		E520EFD01979D4DA00493918 /* Sources */ = {
			isa = PBXSourcesBuildPhase;
			buildActionMask = 2147483647;
			files = (
				E520EFDB1979D4DA00493918 /* TealLeadSpanielTests.swift in Sources */,
			);
			runOnlyForDeploymentPostprocessing = 0;
		};
/* End PBXSourcesBuildPhase section */

/* Begin PBXTargetDependency section */
		E520EFD61979D4DA00493918 /* PBXTargetDependency */ = {
			isa = PBXTargetDependency;
			target = E520EFBE1979D4DA00493918 /* TealLeadSpaniel */;
			targetProxy = E520EFD51979D4DA00493918 /* PBXContainerItemProxy */;
		};
/* End PBXTargetDependency section */

/* Begin PBXVariantGroup section */
		E520EFCB1979D4DA00493918 /* Main.storyboard */ = {
			isa = PBXVariantGroup;
			children = (
				E520EFCC1979D4DA00493918 /* Base */,
			);
			name = Main.storyboard;
			sourceTree = "<group>";
		};
/* End PBXVariantGroup section */

/* Begin XCBuildConfiguration section */
		E520EFDC1979D4DA00493918 /* Debug */ = {
			isa = XCBuildConfiguration;
			buildSettings = {
				ALWAYS_SEARCH_USER_PATHS = NO;
				CLANG_CXX_LANGUAGE_STANDARD = "gnu++0x";
				CLANG_CXX_LIBRARY = "libc++";
				CLANG_ENABLE_MODULES = YES;
				CLANG_ENABLE_OBJC_ARC = YES;
				CLANG_WARN_BOOL_CONVERSION = YES;
				CLANG_WARN_CONSTANT_CONVERSION = YES;
				CLANG_WARN_DIRECT_OBJC_ISA_USAGE = YES_ERROR;
				CLANG_WARN_EMPTY_BODY = YES;
				CLANG_WARN_ENUM_CONVERSION = YES;
				CLANG_WARN_INT_CONVERSION = YES;
				CLANG_WARN_OBJC_ROOT_CLASS = YES_ERROR;
				CLANG_WARN_UNREACHABLE_CODE = YES;
				CLANG_WARN__DUPLICATE_METHOD_MATCH = YES;
				"CODE_SIGN_IDENTITY[sdk=iphoneos*]" = "iPhone Developer";
				COPY_PHASE_STRIP = NO;
				ENABLE_STRICT_OBJC_MSGSEND = YES;
				GCC_C_LANGUAGE_STANDARD = gnu99;
				GCC_DYNAMIC_NO_PIC = NO;
				GCC_OPTIMIZATION_LEVEL = 0;
				GCC_PREPROCESSOR_DEFINITIONS = (
					"DEBUG=1",
					"$(inherited)",
				);
				GCC_SYMBOLS_PRIVATE_EXTERN = NO;
				GCC_WARN_64_TO_32_BIT_CONVERSION = YES;
				GCC_WARN_ABOUT_RETURN_TYPE = YES_ERROR;
				GCC_WARN_UNDECLARED_SELECTOR = YES;
				GCC_WARN_UNINITIALIZED_AUTOS = YES_AGGRESSIVE;
				GCC_WARN_UNUSED_FUNCTION = YES;
				GCC_WARN_UNUSED_VARIABLE = YES;
				IPHONEOS_DEPLOYMENT_TARGET = 8.0;
				METAL_ENABLE_DEBUG_INFO = YES;
				ONLY_ACTIVE_ARCH = YES;
				SDKROOT = iphoneos;
				SWIFT_OPTIMIZATION_LEVEL = "-Onone";
			};
			name = Debug;
		};
		E520EFDD1979D4DA00493918 /* Release */ = {
			isa = XCBuildConfiguration;
			buildSettings = {
				ALWAYS_SEARCH_USER_PATHS = NO;
				CLANG_CXX_LANGUAGE_STANDARD = "gnu++0x";
				CLANG_CXX_LIBRARY = "libc++";
				CLANG_ENABLE_MODULES = YES;
				CLANG_ENABLE_OBJC_ARC = YES;
				CLANG_WARN_BOOL_CONVERSION = YES;
				CLANG_WARN_CONSTANT_CONVERSION = YES;
				CLANG_WARN_DIRECT_OBJC_ISA_USAGE = YES_ERROR;
				CLANG_WARN_EMPTY_BODY = YES;
				CLANG_WARN_ENUM_CONVERSION = YES;
				CLANG_WARN_INT_CONVERSION = YES;
				CLANG_WARN_OBJC_ROOT_CLASS = YES_ERROR;
				CLANG_WARN_UNREACHABLE_CODE = YES;
				CLANG_WARN__DUPLICATE_METHOD_MATCH = YES;
				"CODE_SIGN_IDENTITY[sdk=iphoneos*]" = "iPhone Developer";
				COPY_PHASE_STRIP = YES;
				ENABLE_NS_ASSERTIONS = NO;
				ENABLE_STRICT_OBJC_MSGSEND = YES;
				GCC_C_LANGUAGE_STANDARD = gnu99;
				GCC_WARN_64_TO_32_BIT_CONVERSION = YES;
				GCC_WARN_ABOUT_RETURN_TYPE = YES_ERROR;
				GCC_WARN_UNDECLARED_SELECTOR = YES;
				GCC_WARN_UNINITIALIZED_AUTOS = YES_AGGRESSIVE;
				GCC_WARN_UNUSED_FUNCTION = YES;
				GCC_WARN_UNUSED_VARIABLE = YES;
				IPHONEOS_DEPLOYMENT_TARGET = 8.0;
				METAL_ENABLE_DEBUG_INFO = NO;
				SDKROOT = iphoneos;
				VALIDATE_PRODUCT = YES;
			};
			name = Release;
		};
		E520EFDF1979D4DA00493918 /* Debug */ = {
			isa = XCBuildConfiguration;
			buildSettings = {
				ASSETCATALOG_COMPILER_APPICON_NAME = AppIcon;
				ASSETCATALOG_COMPILER_LAUNCHIMAGE_NAME = LaunchImage;
				INFOPLIST_FILE = TealLeadSpaniel/Info.plist;
				LD_RUNPATH_SEARCH_PATHS = "$(inherited) @executable_path/Frameworks";
				PRODUCT_NAME = "$(TARGET_NAME)";
			};
			name = Debug;
		};
		E520EFE01979D4DA00493918 /* Release */ = {
			isa = XCBuildConfiguration;
			buildSettings = {
				ASSETCATALOG_COMPILER_APPICON_NAME = AppIcon;
				ASSETCATALOG_COMPILER_LAUNCHIMAGE_NAME = LaunchImage;
				INFOPLIST_FILE = TealLeadSpaniel/Info.plist;
				LD_RUNPATH_SEARCH_PATHS = "$(inherited) @executable_path/Frameworks";
				PRODUCT_NAME = "$(TARGET_NAME)";
			};
			name = Release;
		};
		E520EFE21979D4DA00493918 /* Debug */ = {
			isa = XCBuildConfiguration;
			buildSettings = {
				BUNDLE_LOADER = "$(BUILT_PRODUCTS_DIR)/TealLeadSpaniel.app/TealLeadSpaniel";
				FRAMEWORK_SEARCH_PATHS = (
					"$(SDKROOT)/Developer/Library/Frameworks",
					"$(inherited)",
				);
				GCC_PREPROCESSOR_DEFINITIONS = (
					"DEBUG=1",
					"$(inherited)",
				);
				INFOPLIST_FILE = TealLeadSpanielTests/Info.plist;
				LD_RUNPATH_SEARCH_PATHS = "$(inherited) @executable_path/Frameworks @loader_path/Frameworks";
				METAL_ENABLE_DEBUG_INFO = YES;
				PRODUCT_NAME = "$(TARGET_NAME)";
				TEST_HOST = "$(BUNDLE_LOADER)";
			};
			name = Debug;
		};
		E520EFE31979D4DA00493918 /* Release */ = {
			isa = XCBuildConfiguration;
			buildSettings = {
				BUNDLE_LOADER = "$(BUILT_PRODUCTS_DIR)/TealLeadSpaniel.app/TealLeadSpaniel";
				FRAMEWORK_SEARCH_PATHS = (
					"$(SDKROOT)/Developer/Library/Frameworks",
					"$(inherited)",
				);
				INFOPLIST_FILE = TealLeadSpanielTests/Info.plist;
				LD_RUNPATH_SEARCH_PATHS = "$(inherited) @executable_path/Frameworks @loader_path/Frameworks";
				METAL_ENABLE_DEBUG_INFO = NO;
				PRODUCT_NAME = "$(TARGET_NAME)";
				TEST_HOST = "$(BUNDLE_LOADER)";
			};
			name = Release;
		};
/* End XCBuildConfiguration section */

/* Begin XCConfigurationList section */
		E520EFBA1979D4DA00493918 /* Build configuration list for PBXProject "TealLeadSpaniel" */ = {
			isa = XCConfigurationList;
			buildConfigurations = (
				E520EFDC1979D4DA00493918 /* Debug */,
				E520EFDD1979D4DA00493918 /* Release */,
			);
			defaultConfigurationIsVisible = 0;
			defaultConfigurationName = Release;
		};
		E520EFDE1979D4DA00493918 /* Build configuration list for PBXNativeTarget "TealLeadSpaniel" */ = {
			isa = XCConfigurationList;
			buildConfigurations = (
				E520EFDF1979D4DA00493918 /* Debug */,
				E520EFE01979D4DA00493918 /* Release */,
			);
			defaultConfigurationIsVisible = 0;
			defaultConfigurationName = Release;
		};
		E520EFE11979D4DA00493918 /* Build configuration list for PBXNativeTarget "TealLeadSpanielTests" */ = {
			isa = XCConfigurationList;
			buildConfigurations = (
				E520EFE21979D4DA00493918 /* Debug */,
				E520EFE31979D4DA00493918 /* Release */,
			);
			defaultConfigurationIsVisible = 0;
			defaultConfigurationName = Release;
		};
/* End XCConfigurationList section */

/* Begin XCVersionGroup section */
		E520EFC61979D4DA00493918 /* TealLeadSpaniel.xcdatamodeld */ = {
			isa = XCVersionGroup;
			children = (
				E520EFC71979D4DA00493918 /* TealLeadSpaniel.xcdatamodel */,
			);
			currentVersion = E520EFC71979D4DA00493918 /* TealLeadSpaniel.xcdatamodel */;
			path = TealLeadSpaniel.xcdatamodeld;
			sourceTree = "<group>";
			versionGroupType = wrapper.xcdatamodel;
		};
/* End XCVersionGroup section */
	};
	rootObject = E520EFB71979D4DA00493918 /* Project object */;
}
